
Microsoft Visual Studio Solution File, Format Version 12.00
# Visual Studio Version 17
VisualStudioVersion = 17.7.34221.43
MinimumVisualStudioVersion = 10.0.40219.1
Project("{FAE04EC0-301F-11D3-BF4B-00C04F79EFBC}") = "Examen", "Examen\Examen.csproj", "{D638C347-29D0-4E1F-9A3D-8D2632AB6F61}"
EndProject
Global
	GlobalSection(SolutionConfigurationPlatforms) = preSolution
		Debug|Any CPU = Debug|Any CPU
		Release|Any CPU = Release|Any CPU
	EndGlobalSection
	GlobalSection(ProjectConfigurationPlatforms) = postSolution
		{D638C347-29D0-4E1F-9A3D-8D2632AB6F61}.Debug|Any CPU.ActiveCfg = Debug|Any CPU
		{D638C347-29D0-4E1F-9A3D-8D2632AB6F61}.Debug|Any CPU.Build.0 = Debug|Any CPU
		{D638C347-29D0-4E1F-9A3D-8D2632AB6F61}.Release|Any CPU.ActiveCfg = Release|Any CPU
		{D638C347-29D0-4E1F-9A3D-8D2632AB6F61}.Release|Any CPU.Build.0 = Release|Any CPU
	EndGlobalSection
	GlobalSection(SolutionProperties) = preSolution
		HideSolutionNode = FALSE
	EndGlobalSection
	GlobalSection(ExtensibilityGlobals) = postSolution
		SolutionGuid = {1641D235-D0DB-4F63-A38C-DA05D57DCF50}
	EndGlobalSection
EndGlobal
